
Microsoft Visual Studio Solution File, Format Version 12.00
# Visual Studio Version 16
VisualStudioVersion = 16.0.31613.86
MinimumVisualStudioVersion = 10.0.40219.1
Project("{FAE04EC0-301F-11D3-BF4B-00C04F79EFBC}") = "yuroca.common", "yuroca.common\yuroca.common.csproj", "{DC37BCE6-A039-4D77-A49C-52155E422CC5}"
EndProject
Project("{FAE04EC0-301F-11D3-BF4B-00C04F79EFBC}") = "yuroca.funtions", "yuroca.funtions\yuroca.funtions.csproj", "{B31D5970-BCAB-4993-9A26-0F2F849E4CAD}"
EndProject
Project("{FAE04EC0-301F-11D3-BF4B-00C04F79EFBC}") = "yuroca.test", "yuroca.test\yuroca.test.csproj", "{D6A276C0-8626-4EDB-A8E5-0427E943BBBC}"
EndProject
Global
	GlobalSection(SolutionConfigurationPlatforms) = preSolution
		Debug|Any CPU = Debug|Any CPU
		Release|Any CPU = Release|Any CPU
	EndGlobalSection
	GlobalSection(ProjectConfigurationPlatforms) = postSolution
		{DC37BCE6-A039-4D77-A49C-52155E422CC5}.Debug|Any CPU.ActiveCfg = Debug|Any CPU
		{DC37BCE6-A039-4D77-A49C-52155E422CC5}.Debug|Any CPU.Build.0 = Debug|Any CPU
		{DC37BCE6-A039-4D77-A49C-52155E422CC5}.Release|Any CPU.ActiveCfg = Release|Any CPU
		{DC37BCE6-A039-4D77-A49C-52155E422CC5}.Release|Any CPU.Build.0 = Release|Any CPU
		{B31D5970-BCAB-4993-9A26-0F2F849E4CAD}.Debug|Any CPU.ActiveCfg = Debug|Any CPU
		{B31D5970-BCAB-4993-9A26-0F2F849E4CAD}.Debug|Any CPU.Build.0 = Debug|Any CPU
		{B31D5970-BCAB-4993-9A26-0F2F849E4CAD}.Release|Any CPU.ActiveCfg = Release|Any CPU
		{B31D5970-BCAB-4993-9A26-0F2F849E4CAD}.Release|Any CPU.Build.0 = Release|Any CPU
		{D6A276C0-8626-4EDB-A8E5-0427E943BBBC}.Debug|Any CPU.ActiveCfg = Debug|Any CPU
		{D6A276C0-8626-4EDB-A8E5-0427E943BBBC}.Debug|Any CPU.Build.0 = Debug|Any CPU
		{D6A276C0-8626-4EDB-A8E5-0427E943BBBC}.Release|Any CPU.ActiveCfg = Release|Any CPU
		{D6A276C0-8626-4EDB-A8E5-0427E943BBBC}.Release|Any CPU.Build.0 = Release|Any CPU
	EndGlobalSection
	GlobalSection(SolutionProperties) = preSolution
		HideSolutionNode = FALSE
	EndGlobalSection
	GlobalSection(ExtensibilityGlobals) = postSolution
		SolutionGuid = {03FA4953-991D-4EE2-871F-75705B28466C}
	EndGlobalSection
EndGlobal
